<?xml version="1.0" encoding="utf-8"?>
<Project ToolsVersion="4.0" xmlns="http://schemas.microsoft.com/developer/msbuild/2003">
  <ItemGroup>
    <ClCompile Include="Board.cpp" />
    <ClCompile Include="ComputerPlayer.cpp" />
    <ClCompile Include="ComputerPlayerAB.cpp" />
    <ClCompile Include="ComputerPlayerUtils.cpp" />
    <ClCompile Include="EvalResult.cpp" />
    <ClCompile Include="ExportedClass.cpp" />
    <ClCompile Include="Move.cpp" />
    <ClCompile Include="MoveFinder.cpp" />
    <ClCompile Include="RelativeAbsoluteConverter.cpp" />
    <ClCompile Include="RelativeCell.cpp" />
    <ClCompile Include="Size.cpp" />
    <ClCompile Include="StaticEvaluation.cpp" />
    <ClCompile Include="Vector2D.cpp" />
    <ClCompile Include="ZobristHashing.cpp" />
  </ItemGroup>
  <ItemGroup>
    <ClInclude Include="Board.h" />
    <ClInclude Include="CellValue.h" />
    <ClInclude Include="ComputerPlayer.h" />
    <ClInclude Include="ComputerPlayerAB.h" />
    <ClInclude Include="ComputerPlayerUtils.h" />
    <ClInclude Include="RelativeAbsoluteConverter.h" />
    <ClInclude Include="DllImportExport.h" />
    <ClInclude Include="EvalResult.h" />
    <ClInclude Include="ExportedClass.h" />
    <ClInclude Include="Grid.h" />
    <ClInclude Include="IBoard.h" />
    <ClInclude Include="IComputerPlayer.h" />
    <ClInclude Include="IHashAlgorithm.h" />
    <ClInclude Include="ISafeBoard.h" />
    <ClInclude Include="IStaticEvaluation.h" />
    <ClInclude Include="Move.h" />
    <ClInclude Include="MoveFinder.h" />
    <ClInclude Include="Players.h" />
    <ClInclude Include="RelativeCell.h" />
    <ClInclude Include="Size.h" />
    <ClInclude Include="StaticEvaluation.h" />
    <ClInclude Include="Cell.h" />
    <ClInclude Include="Vector2D.h" />
    <ClInclude Include="ZobristHashing.h" />
  </ItemGroup>
</Project>